{
  "nodes": {
    "flake-parts": {
      "inputs": {
        "nixpkgs-lib": [
          "neovim-nightly-overlay",
          "nixpkgs"
        ]
      },
      "locked": {
        "lastModified": 1788450739,
        "narHash": "sha256-glZLQlzIn1fXH6PazR2iUmTo7kzzyYSshrWhLS9TqCU=",
        "owner": "hercules-ci",
        "repo": "flake-parts",
        "rev": "31729ca8cbdb4fa927b34e5f4353e6a83f39e993",
        "type": "github"
      },
      "original": {
        "owner": "hercules-ci",
        "repo": "flake-parts",
        "type": "github"
      }
    },
    "flake-utils": {
      "inputs": {
        "systems": "systems"
      },
      "locked": {
        "lastModified": 1731533236,
        "narHash": "sha256-l0KFg5HjrsfsO/JpG+r7fRrqm12kzFHyUHqHCVpMMbI=",
        "owner": "numtide",
        "repo": "flake-utils",
        "rev": "11707dc2f618dd54ca8739b309ec4fc024de578b",
        "type": "github"
      },
      "original": {
        "owner": "numtide",
        "repo": "flake-utils",
        "type": "github"
      }
    },
    "mnw": {
      "locked": {
        "lastModified": 1790357809,
        "narHash": "sha256-6IWPAMEotKY/nQvs1kU6qwMwCXTeW5HlOhw2RwFHFdI=",
        "owner": "Gerg-L",
        "repo": "mnw",
        "rev": "a582dbedf7c8ec7effa6939ac5bdd23b27267d1b",
        "type": "github"
      },
      "original": {
        "owner": "Gerg-L",
        "repo": "mnw",
        "type": "github"
      }
    },
    "modes-nvim": {
      "flake": false,
      "locked": {
        "lastModified": 1786368696,
        "narHash": "sha256-17Rwm2QYMAgeavYFUTVy2gbCv3mgD89FKMKndqCbb3A=",
        "owner": "mvllow",
        "repo": "modes.nvim",
        "rev": "8022c7345e51423b4cc6333971f3cbfb7e6035bc",
        "type": "github"
      },
      "original": {
        "owner": "mvllow",
        "repo": "modes.nvim",
        "type": "github"
      }
    },
    "neovim-nightly-overlay": {
      "inputs": {
        "flake-parts": "flake-parts",
        "neovim-src": "neovim-src",
        "nixpkgs": [
          "nixpkgs"
        ]
      },
      "locked": {
        "lastModified": 1790640164,
        "narHash": "sha256-K07ZsFAD1psW9EwfHTdYg7HSjZQ7IJjlZ7/P0hFf6Kc=",
        "owner": "nix-community",
        "repo": "neovim-nightly-overlay",
        "rev": "c506b910e52efc4d22c5ec6e325e25584e27a16b",
        "type": "github"
      },
      "original": {
        "owner": "nix-community",
        "repo": "neovim-nightly-overlay",
        "type": "github"
      }
    },
    "neovim-src": {
      "flake": false,
      "locked": {
        "lastModified": 1790605078,
        "narHash": "sha256-Pj/UENo4GhKc3rjSSM/eUKG7GJUNixLO4bTbDXIwU0A=",
        "owner": "neovim",
        "repo": "neovim",
        "rev": "d49bbcf92e5dc1e96bd09fca62fcf7152c459ba8",
        "type": "github"
      },
      "original": {
        "owner": "neovim",
        "repo": "neovim",
        "type": "github"
      }
    },
    "nixpkgs": {
      "locked": {
        "lastModified": 1790578696,
        "narHash": "sha256-EvoKOTtoIJ7Xflls2Nfo5WDcqjFJB0kuzwOz0nLWs0w=",
        "rev": "7a0f122f5090cf4c2ade2a13a0e229d4e19ba71f",
        "type": "tarball",
        "url": "https://releases.nixos.org/nixos/unstable/nixos-26.11pre1080855.7a0f122f5090/nixexprs.tar.zst"
      },
      "original": {
        "type": "tarball",
        "url": "https://channels.nixos.org/nixos-unstable/nixexprs.tar.zst"
      }
    },
    "root": {
      "inputs": {
        "flake-utils": "flake-utils",
        "mnw": "mnw",
        "modes-nvim": "modes-nvim",
        "neovim-nightly-overlay": "neovim-nightly-overlay",
        "nixpkgs": "nixpkgs",
        "telescope-tabs": "telescope-tabs",
        "tide": "tide",
        "tree-sitter-scala": "tree-sitter-scala"
      }
    },
    "systems": {
      "locked": {
        "lastModified": 1681028828,
        "narHash": "sha256-Vy1rq5AaRuLzOxct8nz4T6wlgyUR7zLU309k9mBC768=",
        "owner": "nix-systems",
        "repo": "default",
        "rev": "da67096a3b9bf56a91d16901293e51ba5b49a27e",
        "type": "github"
      },
      "original": {
        "owner": "nix-systems",
        "repo": "default",
        "type": "github"
      }
    },
    "telescope-tabs": {
      "flake": false,
      "locked": {
        "lastModified": 1716295855,
        "narHash": "sha256-88rMEtHTk5jEQ00YleSr8x32Q3m0VFZdxSE2vQ+f0rM=",
        "owner": "FabianWirth",
        "repo": "search.nvim",
        "rev": "7b8f2315d031be73e14bc2d82386dfac15952614",
        "type": "github"
      },
      "original": {
        "owner": "FabianWirth",
        "repo": "search.nvim",
        "type": "github"
      }
    },
    "tide": {
      "flake": false,
      "locked": {
        "lastModified": 1731237293,
        "narHash": "sha256-eHB1XHDh/fTCOZkA0twufFZdpR/pYqug/QKLD/+SPPs=",
        "owner": "jackMort",
        "repo": "tide.nvim",
        "rev": "d76fe37dd8ad4f952bdac7afc573d9838fc2124d",
        "type": "github"
      },
      "original": {
        "owner": "jackMort",
        "repo": "tide.nvim",
        "type": "github"
      }
    },
    "tree-sitter-scala": {
      "flake": false,
      "locked": {
        "lastModified": 1787650013,
        "narHash": "sha256-3RVv9bI0KUBWehf2+x9ZRHFrfUabyq2zK/G3SjNdAes=",
        "owner": "tree-sitter",
        "repo": "tree-sitter-scala",
        "rev": "db390f312a54b04b13790e1767bfac32665c17ac",
        "type": "github"
      },
      "original": {
        "owner": "tree-sitter",
        "repo": "tree-sitter-scala",
        "type": "github"
      }
    }
  },
  "root": "root",
  "version": 7
}
